# @generated - this file is auto-generated by `mise lock` https://mise.en.dev/dev-tools/mise-lock.html

[[tools.aube]]
version = "1.8.0"
backend = "github:endevco/aube"

[tools.aube."platforms.linux-arm64"]
checksum = "sha256:622c470feba3270e2290d4f2ffb7fcde0e391dd34bd352d24e5b7fd36ddbbbb5"
url = "https://github.com/endevco/aube/releases/download/v1.8.0/aube-v1.8.0-aarch64-unknown-linux-gnu.tar.gz"
url_api = "https://api.github.com/repos/endevco/aube/releases/assets/411310208"
provenance = "github-attestations"

[tools.aube."platforms.linux-arm64-musl"]
checksum = "sha256:7b1b946986f71a625d48b6c602696d859e4f683bf35f29e2cc1096fedacce6a2"
url = "https://github.com/endevco/aube/releases/download/v1.8.0/aube-v1.8.0-aarch64-unknown-linux-musl.tar.gz"
url_api = "https://api.github.com/repos/endevco/aube/releases/assets/411310268"
provenance = "github-attestations"

[tools.aube."platforms.linux-x64"]
checksum = "sha256:298ff8f1a1820a68a369d03c3dfa46aca8ccbceb1a4facd97329b10a03322abb"
url = "https://github.com/endevco/aube/releases/download/v1.8.0/aube-v1.8.0-x86_64-unknown-linux-gnu.tar.gz"
url_api = "https://api.github.com/repos/endevco/aube/releases/assets/411329171"
provenance = "github-attestations"

[tools.aube."platforms.linux-x64-baseline"]
checksum = "sha256:298ff8f1a1820a68a369d03c3dfa46aca8ccbceb1a4facd97329b10a03322abb"
url = "https://github.com/endevco/aube/releases/download/v1.8.0/aube-v1.8.0-x86_64-unknown-linux-gnu.tar.gz"
url_api = "https://api.github.com/repos/endevco/aube/releases/assets/411329171"
provenance = "github-attestations"

[tools.aube."platforms.linux-x64-musl"]
checksum = "sha256:332379d6b167c83b7ab7d5a393e55f9dcea5185d3819ee5211739a6d81dba328"
url = "https://github.com/endevco/aube/releases/download/v1.8.0/aube-v1.8.0-x86_64-unknown-linux-musl.tar.gz"
url_api = "https://api.github.com/repos/endevco/aube/releases/assets/411310212"
provenance = "github-attestations"

[tools.aube."platforms.linux-x64-musl-baseline"]
checksum = "sha256:332379d6b167c83b7ab7d5a393e55f9dcea5185d3819ee5211739a6d81dba328"
url = "https://github.com/endevco/aube/releases/download/v1.8.0/aube-v1.8.0-x86_64-unknown-linux-musl.tar.gz"
url_api = "https://api.github.com/repos/endevco/aube/releases/assets/411310212"
provenance = "github-attestations"

[tools.aube."platforms.macos-arm64"]
checksum = "sha256:9f1aaf17fe031a8356a41388cec852aef3a82b741b25b14b40a2c403500d1201"
url = "https://github.com/endevco/aube/releases/download/v1.8.0/aube-v1.8.0-aarch64-apple-darwin.tar.gz"
url_api = "https://api.github.com/repos/endevco/aube/releases/assets/411311071"
provenance = "github-attestations"

[tools.aube."platforms.windows-x64"]
checksum = "sha256:9d49bec5dbd480980fa835ad6abdb5d02c561dabc1424b80e71e69411bbb7bef"
url = "https://github.com/endevco/aube/releases/download/v1.8.0/aube-v1.8.0-x86_64-pc-windows-msvc.zip"
url_api = "https://api.github.com/repos/endevco/aube/releases/assets/411318019"
provenance = "github-attestations"

[tools.aube."platforms.windows-x64-baseline"]
checksum = "sha256:9d49bec5dbd480980fa835ad6abdb5d02c561dabc1424b80e71e69411bbb7bef"
url = "https://github.com/endevco/aube/releases/download/v1.8.0/aube-v1.8.0-x86_64-pc-windows-msvc.zip"
url_api = "https://api.github.com/repos/endevco/aube/releases/assets/411318019"
provenance = "github-attestations"

[[tools.bun]]
version = "1.3.10"
backend = "core:bun"

[tools.bun."platforms.linux-arm64"]
checksum = "sha256:fa5ecb25cafa8e8f5c87a0f833719d46dd0af0a86c7837d806531212d55636d3"
url = "https://github.com/oven-sh/bun/releases/download/bun-v1.3.10/bun-linux-aarch64.zip"

[tools.bun."platforms.linux-arm64-musl"]
checksum = "sha256:d2c81365a2e529b78a42330d3a0056e8dbd7896b4a6782c8e392b6532141e34d"
url = "https://github.com/oven-sh/bun/releases/download/bun-v1.3.10/bun-linux-aarch64-musl.zip"

[tools.bun."platforms.linux-x64"]
checksum = "sha256:f57bc0187e39623de716ba3a389fda5486b2d7be7131a980ba54dc7b733d2e08"
url = "https://github.com/oven-sh/bun/releases/download/bun-v1.3.10/bun-linux-x64.zip"

[tools.bun."platforms.linux-x64-baseline"]
checksum = "sha256:41201a8c5ee74a9dcbb1ce25a1104f1f929838b57a845aa78d98379b0ce7cde2"
url = "https://github.com/oven-sh/bun/releases/download/bun-v1.3.10/bun-linux-x64-baseline.zip"

[tools.bun."platforms.linux-x64-musl"]
checksum = "sha256:48a6c32277d343db0148ce066336472ffd380358a4d26bb1329714742492d824"
url = "https://github.com/oven-sh/bun/releases/download/bun-v1.3.10/bun-linux-x64-musl.zip"

[tools.bun."platforms.linux-x64-musl-baseline"]
checksum = "sha256:a7bc4cdea1ef255a83adbf39c7aafcd30e09f2b8f74deec4b10ee318bc024d1f"
url = "https://github.com/oven-sh/bun/releases/download/bun-v1.3.10/bun-linux-x64-musl-baseline.zip"

[tools.bun."platforms.macos-arm64"]
checksum = "sha256:82034e87c9d9b4398ea619aee2eed5d2a68c8157e9a6ae2d1052d84d533ccd8d"
url = "https://github.com/oven-sh/bun/releases/download/bun-v1.3.10/bun-darwin-aarch64.zip"

[tools.bun."platforms.macos-x64"]
checksum = "sha256:c1d90bf6140f20e572c473065dc6b37a4b036349b5e9e4133779cc642ad94323"
url = "https://github.com/oven-sh/bun/releases/download/bun-v1.3.10/bun-darwin-x64.zip"

[tools.bun."platforms.macos-x64-baseline"]
checksum = "sha256:f9686c4e4e760db4cde77a0f1fad05e552648b9c9cbfa4f7fc9a7ec26b9f3267"
url = "https://github.com/oven-sh/bun/releases/download/bun-v1.3.10/bun-darwin-x64-baseline.zip"

[tools.bun."platforms.windows-x64"]
checksum = "sha256:7a77b3e245e2e26965c93089a4a1332e8a326d3364c89fae1d1fd99cdd3cd73d"
url = "https://github.com/oven-sh/bun/releases/download/bun-v1.3.10/bun-windows-x64.zip"

[tools.bun."platforms.windows-x64-baseline"]
checksum = "sha256:715709c69b176e20994533d3292bd0b7c32de9c0c5575b916746ec6b2aa38346"
url = "https://github.com/oven-sh/bun/releases/download/bun-v1.3.10/bun-windows-x64-baseline.zip"

[[tools.cargo-binstall]]
version = "1.17.6"
backend = "aqua:cargo-bins/cargo-binstall"

[tools.cargo-binstall."platforms.linux-arm64"]
checksum = "sha256:e5f2c4b79b10370dff707b86a14e7a0ad399c5dc5853824e933432910741992c"
url = "https://github.com/cargo-bins/cargo-binstall/releases/download/v1.17.6/cargo-binstall-aarch64-unknown-linux-musl.tgz"

[tools.cargo-binstall."platforms.linux-arm64-musl"]
checksum = "sha256:e5f2c4b79b10370dff707b86a14e7a0ad399c5dc5853824e933432910741992c"
url = "https://github.com/cargo-bins/cargo-binstall/releases/download/v1.17.6/cargo-binstall-aarch64-unknown-linux-musl.tgz"

[tools.cargo-binstall."platforms.linux-x64"]
checksum = "sha256:f926d96e9f0822ded35c4ac2071ce190bd1311565695c49c45e295de0d685aaa"
url = "https://github.com/cargo-bins/cargo-binstall/releases/download/v1.17.6/cargo-binstall-x86_64-unknown-linux-musl.tgz"

[tools.cargo-binstall."platforms.linux-x64-baseline"]
checksum = "sha256:f926d96e9f0822ded35c4ac2071ce190bd1311565695c49c45e295de0d685aaa"
url = "https://github.com/cargo-bins/cargo-binstall/releases/download/v1.17.6/cargo-binstall-x86_64-unknown-linux-musl.tgz"

[tools.cargo-binstall."platforms.linux-x64-musl"]
checksum = "sha256:f926d96e9f0822ded35c4ac2071ce190bd1311565695c49c45e295de0d685aaa"
url = "https://github.com/cargo-bins/cargo-binstall/releases/download/v1.17.6/cargo-binstall-x86_64-unknown-linux-musl.tgz"

[tools.cargo-binstall."platforms.linux-x64-musl-baseline"]
checksum = "sha256:f926d96e9f0822ded35c4ac2071ce190bd1311565695c49c45e295de0d685aaa"
url = "https://github.com/cargo-bins/cargo-binstall/releases/download/v1.17.6/cargo-binstall-x86_64-unknown-linux-musl.tgz"

[tools.cargo-binstall."platforms.macos-arm64"]
checksum = "sha256:101447fa30a723ca8e1a13cec11bb1350b7179331b2aa7054d27bef7a3e19021"
url = "https://github.com/cargo-bins/cargo-binstall/releases/download/v1.17.6/cargo-binstall-aarch64-apple-darwin.zip"

[tools.cargo-binstall."platforms.macos-x64"]
checksum = "sha256:cd07fd79e2848b13b994e3f83fa5377b631625b847f0734219f2706feb518258"
url = "https://github.com/cargo-bins/cargo-binstall/releases/download/v1.17.6/cargo-binstall-x86_64-apple-darwin.zip"

[tools.cargo-binstall."platforms.macos-x64-baseline"]
checksum = "sha256:cd07fd79e2848b13b994e3f83fa5377b631625b847f0734219f2706feb518258"
url = "https://github.com/cargo-bins/cargo-binstall/releases/download/v1.17.6/cargo-binstall-x86_64-apple-darwin.zip"

[tools.cargo-binstall."platforms.windows-x64"]
checksum = "sha256:5fcbddde2d415704d2432bbe606a5767ddaf1ef4ee2c16b7828f8be2ed1e5a5c"
url = "https://github.com/cargo-bins/cargo-binstall/releases/download/v1.17.6/cargo-binstall-x86_64-pc-windows-msvc.zip"

[tools.cargo-binstall."platforms.windows-x64-baseline"]
checksum = "sha256:5fcbddde2d415704d2432bbe606a5767ddaf1ef4ee2c16b7828f8be2ed1e5a5c"
url = "https://github.com/cargo-bins/cargo-binstall/releases/download/v1.17.6/cargo-binstall-x86_64-pc-windows-msvc.zip"

[[tools."cargo:cargo-nextest"]]
version = "0.9.129"
backend = "cargo:cargo-nextest"

[[tools.communique]]
version = "1.1.2"
backend = "github:jdx/communique"

[tools.communique."platforms.linux-arm64"]
checksum = "sha256:7bb0843207fc3d7b5df2a5c0198bb10539cf13a6b247b4adfbf6b302a68f03de"
url = "https://github.com/jdx/communique/releases/download/v1.1.2/communique-aarch64-unknown-linux-gnu.tar.gz"
url_api = "https://api.github.com/repos/jdx/communique/releases/assets/405964161"

[tools.communique."platforms.linux-arm64-musl"]
checksum = "sha256:b663407be77a370c209df40307b82e436f56a6bc23d4e423510d62ac6e1fedf4"
url = "https://github.com/jdx/communique/releases/download/v1.1.2/communique-aarch64-unknown-linux-musl.tar.gz"
url_api = "https://api.github.com/repos/jdx/communique/releases/assets/405964743"

[tools.communique."platforms.linux-x64"]
checksum = "sha256:5e74ead7037f42940c7dba4f6aa4ed968920cbb55a047aa0d291b0c675c65676"
url = "https://github.com/jdx/communique/releases/download/v1.1.2/communique-x86_64-unknown-linux-gnu.tar.gz"
url_api = "https://api.github.com/repos/jdx/communique/releases/assets/405963914"
provenance = "github-attestations"

[tools.communique."platforms.linux-x64-baseline"]
checksum = "sha256:5e74ead7037f42940c7dba4f6aa4ed968920cbb55a047aa0d291b0c675c65676"
url = "https://github.com/jdx/communique/releases/download/v1.1.2/communique-x86_64-unknown-linux-gnu.tar.gz"
url_api = "https://api.github.com/repos/jdx/communique/releases/assets/405963914"

[tools.communique."platforms.linux-x64-musl"]
checksum = "sha256:01a6a8b49e635a5a209fdaf6c7b2e976374debc2db1c846c033f567fdba0d86c"
url = "https://github.com/jdx/communique/releases/download/v1.1.2/communique-x86_64-unknown-linux-musl.tar.gz"
url_api = "https://api.github.com/repos/jdx/communique/releases/assets/405964691"

[tools.communique."platforms.linux-x64-musl-baseline"]
checksum = "sha256:01a6a8b49e635a5a209fdaf6c7b2e976374debc2db1c846c033f567fdba0d86c"
url = "https://github.com/jdx/communique/releases/download/v1.1.2/communique-x86_64-unknown-linux-musl.tar.gz"
url_api = "https://api.github.com/repos/jdx/communique/releases/assets/405964691"

[tools.communique."platforms.macos-arm64"]
checksum = "sha256:459993e31a6c4ccbd09882f5679a2bc1ea5d9068701ecefc411a00fb69ce82e6"
url = "https://github.com/jdx/communique/releases/download/v1.1.2/communique-aarch64-apple-darwin.tar.gz"
url_api = "https://api.github.com/repos/jdx/communique/releases/assets/405964098"

[tools.communique."platforms.windows-x64"]
checksum = "sha256:3cc0e880ac2168aed3163223627bbd1eee62e07a9901cb85cb507c6c8927bc93"
url = "https://github.com/jdx/communique/releases/download/v1.1.2/communique-x86_64-pc-windows-msvc.zip"
url_api = "https://api.github.com/repos/jdx/communique/releases/assets/405964430"

[tools.communique."platforms.windows-x64-baseline"]
checksum = "sha256:3cc0e880ac2168aed3163223627bbd1eee62e07a9901cb85cb507c6c8927bc93"
url = "https://github.com/jdx/communique/releases/download/v1.1.2/communique-x86_64-pc-windows-msvc.zip"
url_api = "https://api.github.com/repos/jdx/communique/releases/assets/405964430"

[[tools.hk]]
version = "1.44.3"
backend = "aqua:jdx/hk"

[tools.hk."platforms.linux-arm64"]
checksum = "sha256:85e0f8b7c3107f5b7853390bf8201d3d9839021e3f2d7629f5457f7569218fcc"
url = "https://github.com/jdx/hk/releases/download/v1.44.3/hk-aarch64-unknown-linux-gnu.tar.gz"

[tools.hk."platforms.linux-arm64-musl"]
checksum = "sha256:1794def830f7bea3e1ab162ea8eb0cef91f9292bb3ce660385f761048cca8599"
url = "https://github.com/jdx/hk/releases/download/v1.44.3/hk-aarch64-unknown-linux-musl.tar.gz"

[tools.hk."platforms.linux-x64"]
checksum = "sha256:8ff22722b831acae2ac61eddbe349497f9538ac7ac28f4b1a2e3dd7c0e43ee8c"
url = "https://github.com/jdx/hk/releases/download/v1.44.3/hk-x86_64-unknown-linux-gnu.tar.gz"

[tools.hk."platforms.linux-x64-baseline"]
checksum = "sha256:8ff22722b831acae2ac61eddbe349497f9538ac7ac28f4b1a2e3dd7c0e43ee8c"
url = "https://github.com/jdx/hk/releases/download/v1.44.3/hk-x86_64-unknown-linux-gnu.tar.gz"

[tools.hk."platforms.linux-x64-musl"]
checksum = "sha256:41b0fbe9ddec1bf0879b56d05abb9177a8a2fb98a2a6fa3d279576fbc4da5eac"
url = "https://github.com/jdx/hk/releases/download/v1.44.3/hk-x86_64-unknown-linux-musl.tar.gz"

[tools.hk."platforms.linux-x64-musl-baseline"]
checksum = "sha256:41b0fbe9ddec1bf0879b56d05abb9177a8a2fb98a2a6fa3d279576fbc4da5eac"
url = "https://github.com/jdx/hk/releases/download/v1.44.3/hk-x86_64-unknown-linux-musl.tar.gz"

[tools.hk."platforms.macos-arm64"]
checksum = "sha256:e9000438928e7c66fd7790f0b47ca9b1c0b971c834238c1fa5faffae7fd92625"
url = "https://github.com/jdx/hk/releases/download/v1.44.3/hk-aarch64-apple-darwin.tar.gz"

[tools.hk."platforms.windows-x64"]
checksum = "sha256:c59c6bf1c45157903ce58a5572257a959ca5e3895b6b9cbfb808a744d4858fb9"
url = "https://github.com/jdx/hk/releases/download/v1.44.3/hk-x86_64-pc-windows-msvc.zip"

[tools.hk."platforms.windows-x64-baseline"]
checksum = "sha256:c59c6bf1c45157903ce58a5572257a959ca5e3895b6b9cbfb808a744d4858fb9"
url = "https://github.com/jdx/hk/releases/download/v1.44.3/hk-x86_64-pc-windows-msvc.zip"

[[tools.node]]
version = "24.14.0"
backend = "core:node"

[tools.node."platforms.linux-arm64"]
checksum = "sha256:f44740cd218de8127f1c44c41510a3a740fa5c9c8d1cdce1c3bedada79f3cde7"
url = "https://nodejs.org/dist/v24.14.0/node-v24.14.0-linux-arm64.tar.gz"

[tools.node."platforms.linux-arm64-musl"]
checksum = "sha256:8f81d47b7f443455709d44eae8669591de2e58b37d3c2cb0aec667b6e6f826c1"
url = "https://unofficial-builds.nodejs.org/download/release/v24.14.0/node-v24.14.0-linux-arm64-musl.tar.gz"

[tools.node."platforms.linux-x64"]
checksum = "sha256:dbf5b8665dec15e59e6359a517fefb47b23fdb9152d8def975b9bca3dfc6d355"
url = "https://nodejs.org/dist/v24.14.0/node-v24.14.0-linux-x64.tar.gz"

[tools.node."platforms.linux-x64-baseline"]
checksum = "sha256:dbf5b8665dec15e59e6359a517fefb47b23fdb9152d8def975b9bca3dfc6d355"
url = "https://nodejs.org/dist/v24.14.0/node-v24.14.0-linux-x64.tar.gz"

[tools.node."platforms.linux-x64-musl"]
checksum = "sha256:bae0f2320448d5c744bcd4878081b483194d8b0f0eaab2b37d7f81df739c5a95"
url = "https://unofficial-builds.nodejs.org/download/release/v24.14.0/node-v24.14.0-linux-x64-musl.tar.gz"

[tools.node."platforms.linux-x64-musl-baseline"]
checksum = "sha256:bae0f2320448d5c744bcd4878081b483194d8b0f0eaab2b37d7f81df739c5a95"
url = "https://unofficial-builds.nodejs.org/download/release/v24.14.0/node-v24.14.0-linux-x64-musl.tar.gz"

[tools.node."platforms.macos-arm64"]
checksum = "sha256:a1a54f46a750d2523d628d924aab61758a51c9dad3e0238beb14141be9615dd3"
url = "https://nodejs.org/dist/v24.14.0/node-v24.14.0-darwin-arm64.tar.gz"

[tools.node."platforms.macos-x64"]
checksum = "sha256:f2879eb810e25993a0578e5d878930266fd2eafcffe9f2839b3d8db354d4879e"
url = "https://nodejs.org/dist/v24.14.0/node-v24.14.0-darwin-x64.tar.gz"

[tools.node."platforms.macos-x64-baseline"]
checksum = "sha256:f2879eb810e25993a0578e5d878930266fd2eafcffe9f2839b3d8db354d4879e"
url = "https://nodejs.org/dist/v24.14.0/node-v24.14.0-darwin-x64.tar.gz"

[tools.node."platforms.windows-x64"]
checksum = "sha256:313fa40c0d7b18575821de8cb17483031fe07d95de5994f6f435f3b345f85c66"
url = "https://nodejs.org/dist/v24.14.0/node-v24.14.0-win-x64.zip"

[tools.node."platforms.windows-x64-baseline"]
checksum = "sha256:313fa40c0d7b18575821de8cb17483031fe07d95de5994f6f435f3b345f85c66"
url = "https://nodejs.org/dist/v24.14.0/node-v24.14.0-win-x64.zip"

[[tools.pkl]]
version = "0.31.1"
backend = "aqua:apple/pkl"

[tools.pkl."platforms.linux-arm64"]
checksum = "sha256:7ef10e743daa921fb94ae7bdb9ec6986f362bf250c55814b9ea2aeb13f2d083e"
url = "https://github.com/apple/pkl/releases/download/0.31.1/pkl-linux-aarch64"

[tools.pkl."platforms.linux-arm64-musl"]
checksum = "sha256:7ef10e743daa921fb94ae7bdb9ec6986f362bf250c55814b9ea2aeb13f2d083e"
url = "https://github.com/apple/pkl/releases/download/0.31.1/pkl-linux-aarch64"

[tools.pkl."platforms.linux-x64"]
checksum = "sha256:618f13955d755cafbfe8c9cba1d27635848cd49dbc6abffd398d2751db1231bf"
url = "https://github.com/apple/pkl/releases/download/0.31.1/pkl-linux-amd64"

[tools.pkl."platforms.linux-x64-baseline"]
checksum = "sha256:618f13955d755cafbfe8c9cba1d27635848cd49dbc6abffd398d2751db1231bf"
url = "https://github.com/apple/pkl/releases/download/0.31.1/pkl-linux-amd64"

[tools.pkl."platforms.linux-x64-musl"]
checksum = "sha256:618f13955d755cafbfe8c9cba1d27635848cd49dbc6abffd398d2751db1231bf"
url = "https://github.com/apple/pkl/releases/download/0.31.1/pkl-linux-amd64"

[tools.pkl."platforms.linux-x64-musl-baseline"]
checksum = "sha256:618f13955d755cafbfe8c9cba1d27635848cd49dbc6abffd398d2751db1231bf"
url = "https://github.com/apple/pkl/releases/download/0.31.1/pkl-linux-amd64"

[tools.pkl."platforms.macos-arm64"]
checksum = "sha256:1b6a5438d9624cd2798a7530721bbbfa27ef72efe5c878a1b6c546c6e7ca0e8f"
url = "https://github.com/apple/pkl/releases/download/0.31.1/pkl-macos-aarch64"

[tools.pkl."platforms.macos-x64"]
checksum = "sha256:22123ed4ae4c03afa8c54c69f77f0bec39b0fa0f67b09d6d148e0a376a2a471d"
url = "https://github.com/apple/pkl/releases/download/0.31.1/pkl-macos-amd64"

[tools.pkl."platforms.macos-x64-baseline"]
checksum = "sha256:22123ed4ae4c03afa8c54c69f77f0bec39b0fa0f67b09d6d148e0a376a2a471d"
url = "https://github.com/apple/pkl/releases/download/0.31.1/pkl-macos-amd64"

[tools.pkl."platforms.windows-x64"]
checksum = "sha256:a8834481667325b44c539dbb758d7365a16389070f343c04b639bbe525ede013"
url = "https://github.com/apple/pkl/releases/download/0.31.1/pkl-windows-amd64.exe"

[tools.pkl."platforms.windows-x64-baseline"]
checksum = "sha256:a8834481667325b44c539dbb758d7365a16389070f343c04b639bbe525ede013"
url = "https://github.com/apple/pkl/releases/download/0.31.1/pkl-windows-amd64.exe"

[[tools.usage]]
version = "3.2.0"
backend = "aqua:jdx/usage"

[tools.usage."platforms.linux-arm64"]
checksum = "sha256:9cc22814763948582a31b054e6aa3adfc7a820a3cafb82b317dd4a8931277c0f"
url = "https://github.com/jdx/usage/releases/download/v3.2.0/usage-aarch64-unknown-linux-musl.tar.gz"

[tools.usage."platforms.linux-arm64-musl"]
checksum = "sha256:9cc22814763948582a31b054e6aa3adfc7a820a3cafb82b317dd4a8931277c0f"
url = "https://github.com/jdx/usage/releases/download/v3.2.0/usage-aarch64-unknown-linux-musl.tar.gz"

[tools.usage."platforms.linux-x64"]
checksum = "sha256:7f48ee228ae95b07c193ec61def326575682b37032473c5af4b3b93a114aec81"
url = "https://github.com/jdx/usage/releases/download/v3.2.0/usage-x86_64-unknown-linux-musl.tar.gz"

[tools.usage."platforms.linux-x64-baseline"]
checksum = "sha256:7f48ee228ae95b07c193ec61def326575682b37032473c5af4b3b93a114aec81"
url = "https://github.com/jdx/usage/releases/download/v3.2.0/usage-x86_64-unknown-linux-musl.tar.gz"

[tools.usage."platforms.linux-x64-musl"]
checksum = "sha256:7f48ee228ae95b07c193ec61def326575682b37032473c5af4b3b93a114aec81"
url = "https://github.com/jdx/usage/releases/download/v3.2.0/usage-x86_64-unknown-linux-musl.tar.gz"

[tools.usage."platforms.linux-x64-musl-baseline"]
checksum = "sha256:7f48ee228ae95b07c193ec61def326575682b37032473c5af4b3b93a114aec81"
url = "https://github.com/jdx/usage/releases/download/v3.2.0/usage-x86_64-unknown-linux-musl.tar.gz"

[tools.usage."platforms.macos-arm64"]
checksum = "sha256:f0a566bc05fc485b23a339abddbaef04225e7730574dbb603fdc021e084d26f9"
url = "https://github.com/jdx/usage/releases/download/v3.2.0/usage-universal-apple-darwin.tar.gz"

[tools.usage."platforms.macos-x64"]
checksum = "sha256:f0a566bc05fc485b23a339abddbaef04225e7730574dbb603fdc021e084d26f9"
url = "https://github.com/jdx/usage/releases/download/v3.2.0/usage-universal-apple-darwin.tar.gz"

[tools.usage."platforms.macos-x64-baseline"]
checksum = "sha256:f0a566bc05fc485b23a339abddbaef04225e7730574dbb603fdc021e084d26f9"
url = "https://github.com/jdx/usage/releases/download/v3.2.0/usage-universal-apple-darwin.tar.gz"

[tools.usage."platforms.windows-x64"]
checksum = "sha256:9aba23a5d549695cfb5f034849e143205ccf972e5b5d42c24acd32e084d7a165"
url = "https://github.com/jdx/usage/releases/download/v3.2.0/usage-x86_64-pc-windows-msvc.zip"

[tools.usage."platforms.windows-x64-baseline"]
checksum = "sha256:9aba23a5d549695cfb5f034849e143205ccf972e5b5d42c24acd32e084d7a165"
url = "https://github.com/jdx/usage/releases/download/v3.2.0/usage-x86_64-pc-windows-msvc.zip"
